
Microsoft Visual Studio Solution File, Format Version 12.00
# Visual Studio Version 17
VisualStudioVersion = 17.4.33110.190
MinimumVisualStudioVersion = 10.0.40219.1
Project("{FAE04EC0-301F-11D3-BF4B-00C04F79EFBC}") = "RetroDownloader", "RetroDownloader\RetroDownloader.csproj", "{660D6DBC-B63E-47C9-82D6-31F4552264A9}"
EndProject
Global
	GlobalSection(SolutionConfigurationPlatforms) = preSolution
		Debug|Any CPU = Debug|Any CPU
		Release|Any CPU = Release|Any CPU
	EndGlobalSection
	GlobalSection(ProjectConfigurationPlatforms) = postSolution
		{660D6DBC-B63E-47C9-82D6-31F4552264A9}.Debug|Any CPU.ActiveCfg = Debug|Any CPU
		{660D6DBC-B63E-47C9-82D6-31F4552264A9}.Debug|Any CPU.Build.0 = Debug|Any CPU
		{660D6DBC-B63E-47C9-82D6-31F4552264A9}.Release|Any CPU.ActiveCfg = Release|Any CPU
		{660D6DBC-B63E-47C9-82D6-31F4552264A9}.Release|Any CPU.Build.0 = Release|Any CPU
	EndGlobalSection
	GlobalSection(SolutionProperties) = preSolution
		HideSolutionNode = FALSE
	EndGlobalSection
	GlobalSection(ExtensibilityGlobals) = postSolution
		SolutionGuid = {57B77000-9E97-49F4-B824-6363D2E228DE}
	EndGlobalSection
EndGlobal
